{
  "name": "node-nde",
  "version": "1.0.4",
  "lockfileVersion": 1,
  "requires": true,
  "dependencies": {
    "streambuf": {
      "version": "1.1.1",
      "resolved": "https://registry.npmjs.org/streambuf/-/streambuf-1.1.1.tgz",
      "integrity": "sha512-GS9BCn8RNawN4qGYv7KUOZ6Z1PrKB8uu0pD//YpcYRBqF0kHuctn+UEr/CV16YGBz4iQ4pvGRL7zOAAvJfaIKA=="
    }
  }
}
