{
  "name": "node-nde",
  "version": "1.0.2",
  "lockfileVersion": 1,
  "requires": true,
  "dependencies": {
    "streambuf": {
      "version": "1.0.4",
      "resolved": "https://registry.npmjs.org/streambuf/-/streambuf-1.0.4.tgz",
      "integrity": "sha512-C8v2Pp6wVfbZywnZ/CkjZHTuXvrp3k1PGgWB2kq3OFn5BbG5vx3OVn8s3i/tQz6Egpl0f4+dGut9Yat+vrO3MA=="
    }
  }
}
