{
  "name": "node-nde",
  "version": "1.0.2",
  "lockfileVersion": 1,
  "requires": true,
  "dependencies": {
    "streambuf": {
      "version": "1.0.2",
      "resolved": "https://registry.npmjs.org/streambuf/-/streambuf-1.0.2.tgz",
      "integrity": "sha512-xmrHXjfRMJV7yyX6/lRORMwXSTSMvuyL9LwuB352kI4fJyUDM9s7PRzRCWYWRWMjRkp8mSAmHYcsTj3saha80w=="
    }
  }
}
